{
    "_meta": {
        "hash": {
            "sha256": "16e7812723bf9a1f0fd00e5d72b0d6f12fee5c3d8b6f89f6dfe66514ff7b8cc5"
        },
        "pipfile-spec": 6,
        "requires": {
            "python_version": "3.10"
        },
        "sources": [
            {
                "name": "pip_conf_index_global",
                "url": "https://mirrors.ustc.edu.cn/pypi/web/simple",
                "verify_ssl": true
            }
        ]
    },
    "default": {},
    "develop": {}
}
